filippo.io/edwards25519 v1.1.0/go.mod h1:BxyFTGdWcka3PhytdK4V28tE5sGfRvvvRV7EaN4VDT4=
filippo.io/edwards25519 v1.2.0 h1:crnVqOiS4jqYleHd9vaKZ+HKtHfllngJIiOpNpoJsjo=
filippo.io/edwards25519 v1.2.0/go.mod h1:xzAOLCNug/yB62zG1bQ8uziwrIqIuxhctzJT18Q77mc=
github.com/DATA-DOG/go-sqlmock v1.5.2 h1:OcvFkGmslmlZibjAjaHm3L//6LiuBgolP7OputlJIzU=
github.com/DATA-DOG/go-sqlmock v1.5.2/go.mod h1:88MAG/4G7SMwSE3CeA0ZKzrT5CiOU3OJ+JlNzwDqpNU=
github.com/Microsoft/go-winio v0.6.2 h1:F2VQgta7ecxGYO8k3ZZz3RS8fVIXVxONVUPlNERoyfY=
github.com/Microsoft/go-winio v0.6.2/go.mod h1:yd8OoFMLzJbo9gZq8j5qaps8bJ9aShtEA8Ipt1oGCvU=
github.com/agnivade/levenshtein v1.2.1 h1:EHBY3UOn1gwdy/VbFwgo4cxecRznFk7fKWN1KOX7eoM=
github.com/agnivade/levenshtein v1.2.1/go.mod h1:QVVI16kDrtSuwcpd0p1+xMC6Z/VfhtCyDIjcwga4/DU=
github.com/andreyvit/diff v0.0.0-20170406064948-c7f18ee00883 h1:bvNMNQO63//z+xNgfBlViaCIJKLlCJ6/fmUseuG0wVQ=
github.com/andreyvit/diff v0.0.0-20170406064948-c7f18ee00883/go.mod h1:rCTlJbsFo29Kk6CurOXKm700vrz8f0KW0JNfpkRJY/8=
github.com/andybalholm/brotli v1.2.1 h1:R+f5xP285VArJDRgowrfb9DqL18yVK0gKAW/F+eTWro=
github.com/andybalholm/brotli v1.2.1/go.mod h1:rzTDkvFWvIrjDXZHkuS16NPggd91W3kUSvPlQ1pLaKY=
github.com/beeper/argo-go v1.1.2 h1:UQI2G8F+NLfGTOmTUI0254pGKx/HUU/etbUGTJv91Fs=
github.com/beeper/argo-go v1.1.2/go.mod h1:M+LJAnyowKVQ6Rdj6XYGEn+qcVFkb3R/MUpqkGR0hM4=
github.com/coder/websocket v1.8.14 h1:9L0p0iKiNOibykf283eHkKUHHrpG7f65OE3BhhO7v9g=
github.com/coder/websocket v1.8.14/go.mod h1:NX3SzP+inril6yawo5CQXx8+fk145lPDC6pumgx0mVg=
github.com/containerd/errdefs v1.0.0 h1:tg5yIfIlQIrxYtu9ajqY42W3lpS19XqdxRQeEwYG8PI=
github.com/containerd/errdefs v1.0.0/go.mod h1:+YBYIdtsnF4Iw6nWZhJcqGSg/dwvV7tyJ/kCkyJ2k+M=
github.com/containerd/errdefs/pkg v0.3.0 h1:9IKJ06FvyNlexW690DXuQNx2KA2cUJXx151Xdx3ZPPE=
github.com/containerd/errdefs/pkg v0.3.0/go.mod h1:NJw6s9HwNuRhnjJhM7pylWwMyAkmCQvQ4GpJHEqRLVk=
github.com/davecgh/go-spew v1.1.2-0.20180830191138-d8f796af33cc h1:U9qPSI2PIWSS1VwoXQT9A3Wy9MM3WgvqSxFWenqJduM=
github.com/davecgh/go-spew v1.1.2-0.20180830191138-d8f796af33cc/go.mod h1:J7Y8YcW2NihsgmVo/mv3lAwl/skON4iLHjSsI+c5H38=
github.com/disintegration/imaging v1.6.2 h1:w1LecBlG2Lnp8B3jk5zSuNqd7b4DXhcjwek1ei82L+c=
github.com/disintegration/imaging v1.6.2/go.mod h1:44/5580QXChDfwIclfc/PCwrr44amcmDAg8hxG0Ewe4=
github.com/distribution/reference v0.6.0 h1:0IXCQ5g4/QMHHkarYzh5l+u8T3t73zM5QvfrDyIgxBk=
github.com/distribution/reference v0.6.0/go.mod h1:BbU0aIcezP1/5jX/8MP0YiH4SdvB5Y4f/wlDRiLyi3E=
github.com/docker/docker v28.3.3+incompatible h1:Dypm25kh4rmk49v1eiVbsAtpAsYURjYkaKubwuBdxEI=
github.com/docker/docker v28.3.3+incompatible/go.mod h1:eEKB0N0r5NX/I1kEveEz05bcu8tLC/8azJZsviup8Sk=
github.com/docker/go-connections v0.5.0 h1:USnMq7hx7gwdVZq1L49hLXaFtUdTADjXGp+uj1Br63c=
github.com/docker/go-connections v0.5.0/go.mod h1:ov60Kzw0kKElRwhNs9UlUHAE/F9Fe6GLaXnqyDdmEXc=
github.com/docker/go-units v0.5.0 h1:69rxXcBk27SvSaaxTtLh/8llcHD8vYHT7WSdRZ/jvr4=
github.com/docker/go-units v0.5.0/go.mod h1:fgPhTUdO+D/Jk86RDLlptpiXQzgHJF7gydDDbaIK4Dk=
github.com/dunglas/httpsfv v1.1.0 h1:Jw76nAyKWKZKFrpMMcL76y35tOpYHqQPzHQiwDvpe54=
github.com/dunglas/httpsfv v1.1.0/go.mod h1:zID2mqw9mFsnt7YC3vYQ9/cjq30q41W+1AnDwH8TiMg=
github.com/dustin/go-humanize v1.0.1 h1:GzkhY7T5VNhEkwH0PVJgjz+fX1rhBrR7pRT3mDkpeCY=
github.com/dustin/go-humanize v1.0.1/go.mod h1:Mu1zIs6XwVuF/gI1OepvI0qD18qycQx+mFykh5fBlto=
github.com/elliotchance/orderedmap/v3 v3.1.0 h1:j4DJ5ObEmMBt/lcwIecKcoRxIQUEnw0L804lXYDt/pg=
github.com/elliotchance/orderedmap/v3 v3.1.0/go.mod h1:G+Hc2RwaZvJMcS4JpGCOyViCnGeKf0bTYCGTO4uhjSo=
github.com/felixge/httpsnoop v1.0.4 h1:NFTV2Zj1bL4mc9sqWACXbQFVBBg2W3GPvqp8/ESS2Wg=
github.com/felixge/httpsnoop v1.0.4/go.mod h1:m8KPJKqk1gH5J9DgRY2ASl2lWCfGKXixSwevea8zH2U=
github.com/gabriel-vasile/mimetype v1.4.13 h1:46nXokslUBsAJE/wMsp5gtO500a4F3Nkz9Ufpk2AcUM=
github.com/gabriel-vasile/mimetype v1.4.13/go.mod h1:d+9Oxyo1wTzWdyVUPMmXFvp4F9tea18J8ufA774AB3s=
github.com/glebarez/go-sqlite v1.22.0 h1:uAcMJhaA6r3LHMTFgP0SifzgXg46yJkgxqyuyec+ruQ=
github.com/glebarez/go-sqlite v1.22.0/go.mod h1:PlBIdHe0+aUEFn+r2/uthrWq4FxbzugL0L8Li6yQJbc=
github.com/go-logr/logr v1.4.3 h1:CjnDlHq8ikf6E492q6eKboGOC0T8CDaOvkHCIg8idEI=
github.com/go-logr/logr v1.4.3/go.mod h1:9T104GzyrTigFIr8wt5mBrctHMim0Nb2HLGrmQ40KvY=
github.com/go-logr/stdr v1.2.2 h1:hSWxHoqTgW2S2qGc0LTAI563KZ5YKYRhT3MFKZMbjag=
github.com/go-logr/stdr v1.2.2/go.mod h1:mMo/vtBO5dYbehREoey6XUKy/eSumjCCveDpRre4VKE=
github.com/go-playground/locales v0.14.1 h1:EWaQ/wswjilfKLTECiXz7Rh+3BjFhfDFKv/oXslEjJA=
github.com/go-playground/locales v0.14.1/go.mod h1:hxrqLVvrK65+Rwrd5Fc6F2O76J/NuW9t0sjnWqG1slY=
github.com/go-playground/universal-translator v0.18.1 h1:Bcnm0ZwsGyWbCzImXv+pAJnYK9S473LQFuzCbDbfSFY=
github.com/go-playground/universal-translator v0.18.1/go.mod h1:xekY+UJKNuX9WP91TpwSH2VMlDf28Uj24BCp08ZFTUY=
github.com/go-playground/validator/v10 v10.30.2 h1:JiFIMtSSHb2/XBUbWM4i/MpeQm9ZK2xqPNk8vgvu5JQ=
github.com/go-playground/validator/v10 v10.30.2/go.mod h1:mAf2pIOVXjTEBrwUMGKkCWKKPs9NheYGabeB04txQSc=
github.com/go-sql-driver/mysql v1.8.1/go.mod h1:wEBSXgmK//2ZFJyE+qWnIsVGmvmEKlqwuVSjsCm7DZg=
github.com/go-sql-driver/mysql v1.9.3 h1:U/N249h2WzJ3Ukj8SowVFjdtZKfu9vlLZxjPXV1aweo=
github.com/go-sql-driver/mysql v1.9.3/go.mod h1:qn46aNg1333BRMNU69Lq93t8du/dwxI64Gl8i5p1WMU=
github.com/gogo/protobuf v1.3.2 h1:Ov1cvc58UF3b5XjBnZv7+opcTcQFZebYjWzi34vdm4Q=
github.com/gogo/protobuf v1.3.2/go.mod h1:P1XiOD3dCwIKUDQYPy72D8LYyHL2YPYrpS2s69NZV8Q=
github.com/golang-jwt/jwt/v5 v5.3.1 h1:kYf81DTWFe7t+1VvL7eS+jKFVWaUnK9cB1qbwn63YCY=
github.com/golang-jwt/jwt/v5 v5.3.1/go.mod h1:fxCRLWMO43lRc8nhHWY6LGqRcf+1gQWArsqaEUEa5bE=
github.com/golang-migrate/migrate v3.5.4+incompatible h1:R7OzwvCJTCgwapPCiX6DyBiu2czIUMDCB118gFTKTUA=
github.com/golang-migrate/migrate v3.5.4+incompatible/go.mod h1:IsVUlFN5puWOmXrqjgGUfIRIbU7mr8oNBE2tyERd9Wk=
github.com/golang-migrate/migrate/v4 v4.19.1 h1:OCyb44lFuQfYXYLx1SCxPZQGU7mcaZ7gH9yH4jSFbBA=
github.com/golang-migrate/migrate/v4 v4.19.1/go.mod h1:CTcgfjxhaUtsLipnLoQRWCrjYXycRz/g5+RWDuYgPrE=
github.com/google/go-cmp v0.7.0 h1:wk8382ETsv4JYUZwIsn6YpYiWiBsYLSJiTsyBybVuN8=
github.com/google/go-cmp v0.7.0/go.mod h1:pXiqmnSA92OHEEa9HXL2W4E7lf9JzCmGVUdgjX3N/iU=
github.com/google/pprof v0.0.0-20221118152302-e6195bd50e26 h1:Xim43kblpZXfIBQsbuBVKCudVG457BR2GZFIz3uw3hQ=
github.com/google/pprof v0.0.0-20221118152302-e6195bd50e26/go.mod h1:dDKJzRmX4S37WGHujM7tX//fmj1uioxKzKxz3lo4HJo=
github.com/google/uuid v1.6.0 h1:NIvaJDMOsjHA8n1jAhLSgzrAzy1Hgr+hNrb57e+94F0=
github.com/google/uuid v1.6.0/go.mod h1:TIyPZe4MgqvfeYDBFedMoGGpEw/LqOeaOT+nhxU+yHo=
github.com/gookit/assert v0.1.1 h1:lh3GcawXe/p+cU7ESTZ5Ui3Sm/x8JWpIis4/1aF0mY0=
github.com/gookit/assert v0.1.1/go.mod h1:jS5bmIVQZTIwk42uXl4lyj4iaaxx32tqH16CFj0VX2E=
github.com/gookit/color v1.6.0 h1:JjJXBTk1ETNyqyilJhkTXJYYigHG24TM9Xa2M1xAhRA=
github.com/gookit/color v1.6.0/go.mod h1:9ACFc7/1IpHGBW8RwuDm/0YEnhg3dwwXpoMsmtyHfjs=
github.com/gorilla/mux v1.8.1 h1:TuBL49tXwgrFYWhqrNgrUNEY92u81SPhu7sTdzQEiWY=
github.com/gorilla/mux v1.8.1/go.mod h1:AKf9I4AEqPTmMytcMc0KkNouC66V3BtZ4qD5fmWSiMQ=
github.com/gorilla/websocket v1.5.3 h1:saDtZ6Pbx/0u+bgYQ3q96pZgCzfhKXGPqt7kZ72aNNg=
github.com/gorilla/websocket v1.5.3/go.mod h1:YR8l580nyteQvAITg2hZ9XVh4b55+EU/adAjf1fMHhE=
github.com/jmoiron/sqlx v1.4.0 h1:1PLqN7S1UYp5t4SrVVnt4nUVNemrDAtxlulVe+Qgm3o=
github.com/jmoiron/sqlx v1.4.0/go.mod h1:ZrZ7UsYB/weZdl2Bxg6jCRO9c3YHl8r3ahlKmRT4JLY=
github.com/joho/godotenv v1.5.1 h1:7eLL/+HRGLY0ldzfGMeQkb7vMd0as4CfYvUVzLqw0N0=
github.com/joho/godotenv v1.5.1/go.mod h1:f4LDr5Voq0i2e/R5DDNOoa2zzDfwtkZa6DnEwAbqwq4=
github.com/klauspost/compress v1.18.5 h1:/h1gH5Ce+VWNLSWqPzOVn6XBO+vJbCNGvjoaGBFW2IE=
github.com/klauspost/compress v1.18.5/go.mod h1:cwPg85FWrGar70rWktvGQj8/hthj3wpl0PGDogxkrSQ=
github.com/leodido/go-urn v1.4.0 h1:WT9HwE9SGECu3lg4d/dIA+jxlljEa1/ffXKmRjqdmIQ=
github.com/leodido/go-urn v1.4.0/go.mod h1:bvxc+MVxLKB4z00jd1z+Dvzr47oO32F/QSNjSBOlFxI=
github.com/lib/pq v1.10.9 h1:YXG7RB+JIjhP29X+OtkiDnYaXQwpS4JEWq7dtCCRUEw=
github.com/lib/pq v1.10.9/go.mod h1:AlVN5x4E4T544tWzH6hKfbfQvm3HdbOxrmggDNAPY9o=
github.com/mattn/go-colorable v0.1.14 h1:9A9LHSqF/7dyVVX6g0U9cwm9pG3kP9gSzcuIPHPsaIE=
github.com/mattn/go-colorable v0.1.14/go.mod h1:6LmQG8QLFO4G5z1gPvYEzlUgJ2wF+stgPZH1UqBm1s8=
github.com/mattn/go-isatty v0.0.21 h1:xYae+lCNBP7QuW4PUnNG61ffM4hVIfm+zUzDuSzYLGs=
github.com/mattn/go-isatty v0.0.21/go.mod h1:ZXfXG4SQHsB/w3ZeOYbR0PrPwLy+n6xiMrJlRFqopa4=
github.com/mattn/go-sqlite3 v1.14.22/go.mod h1:Uh1q+B4BYcTPb+yiD3kU8Ct7aC0hY9fxUwlHK0RXw+Y=
github.com/mattn/go-sqlite3 v1.14.34 h1:3NtcvcUnFBPsuRcno8pUtupspG/GM+9nZ88zgJcp6Zk=
github.com/mattn/go-sqlite3 v1.14.34/go.mod h1:Uh1q+B4BYcTPb+yiD3kU8Ct7aC0hY9fxUwlHK0RXw+Y=
github.com/moby/docker-image-spec v1.3.1 h1:jMKff3w6PgbfSa69GfNg+zN/XLhfXJGnEx3Nl2EsFP0=
github.com/moby/docker-image-spec v1.3.1/go.mod h1:eKmb5VW8vQEh/BAr2yvVNvuiJuY6UIocYsFu/DxxRpo=
github.com/opencontainers/go-digest v1.0.0 h1:apOUWs51W5PlhuyGyz9FCeeBIOUDA/6nW8Oi/yOhh5U=
github.com/opencontainers/go-digest v1.0.0/go.mod h1:0JzlMkj0TRzQZfJkVvzbP0HBR3IKzErnv2BNG4W4MAM=
github.com/opencontainers/image-spec v1.1.0 h1:8SG7/vwALn54lVB/0yZ/MMwhFrPYtpEHQb2IpWsCzug=
github.com/opencontainers/image-spec v1.1.0/go.mod h1:W4s4sFTMaBeK1BQLXbG4AdM2szdn85PY75RI83NrTrM=
github.com/petermattis/goid v0.0.0-20260226131333-17d1149c6ac6 h1:rh2lKw/P/EqHa724vYH2+VVQ1YnW4u6EOXl0PMAovZE=
github.com/petermattis/goid v0.0.0-20260226131333-17d1149c6ac6/go.mod h1:pxMtw7cyUw6B2bRH0ZBANSPg+AoSud1I1iyJHI69jH4=
github.com/pkg/errors v0.9.1 h1:FEBLx1zS214owpjy7qsBeixbURkuhQAwrK5UwLGTwt4=
github.com/pkg/errors v0.9.1/go.mod h1:bwawxfHBFNV+L2hUp1rHADufV3IMtnDRdf1r5NINEl0=
github.com/pmezard/go-difflib v1.0.1-0.20181226105442-5d4384ee4fb2 h1:Jamvg5psRIccs7FGNTlIRMkT8wgtp5eCXdBlqhYGL6U=
github.com/pmezard/go-difflib v1.0.1-0.20181226105442-5d4384ee4fb2/go.mod h1:iKH77koFhYxTK1pcRnkKkqfTogsbg7gZNVY4sRDYZ/4=
github.com/quic-go/qpack v0.6.0 h1:g7W+BMYynC1LbYLSqRt8PBg5Tgwxn214ZZR34VIOjz8=
github.com/quic-go/qpack v0.6.0/go.mod h1:lUpLKChi8njB4ty2bFLX2x4gzDqXwUpaO1DP9qMDZII=
github.com/quic-go/quic-go v0.59.0 h1:OLJkp1Mlm/aS7dpKgTc6cnpynnD2Xg7C1pwL6vy/SAw=
github.com/quic-go/quic-go v0.59.0/go.mod h1:upnsH4Ju1YkqpLXC305eW3yDZ4NfnNbmQRCMWS58IKU=
github.com/quic-go/webtransport-go v0.10.0 h1:LqXXPOXuETY5Xe8ITdGisBzTYmUOy5eSj+9n4hLTjHI=
github.com/quic-go/webtransport-go v0.10.0/go.mod h1:LeGIXr5BQKE3UsynwVBeQrU1TPrbh73MGoC6jd+V7ow=
github.com/remyoudompheng/bigfft v0.0.0-20230129092748-24d4a6f8daec h1:W09IVJc94icq4NjY3clb7Lk8O1qJ8BdBEF8z0ibU0rE=
github.com/remyoudompheng/bigfft v0.0.0-20230129092748-24d4a6f8daec/go.mod h1:qqbHyh8v60DhA7CoWK5oRCqLrMHRGoxYCSS9EjAz6Eo=
github.com/rs/cors v1.11.1 h1:eU3gRzXLRK57F5rKMGMZURNdIG4EoAmX8k94r9wXWHA=
github.com/rs/cors v1.11.1/go.mod h1:XyqrcTp5zjWr1wsJ8PIRZssZ8b/WMcMf71DJnit4EMU=
github.com/rs/zerolog v1.35.0 h1:VD0ykx7HMiMJytqINBsKcbLS+BJ4WYjz+05us+LRTdI=
github.com/rs/zerolog v1.35.0/go.mod h1:EjML9kdfa/RMA7h/6z6pYmq1ykOuA8/mjWaEvGI+jcw=
github.com/sergi/go-diff v1.3.1 h1:xkr+Oxo4BOQKmkn/B9eMK0g5Kg/983T9DqqPHwYqD+8=
github.com/sergi/go-diff v1.3.1/go.mod h1:aMJSSKb2lpPvRNec0+w3fl7LP9IOFzdc9Pa4NFbPK1I=
github.com/skip2/go-qrcode v0.0.0-20200617195104-da1b6568686e h1:MRM5ITcdelLK2j1vwZ3Je0FKVCfqOLp5zO6trqMLYs0=
github.com/skip2/go-qrcode v0.0.0-20200617195104-da1b6568686e/go.mod h1:XV66xRDqSt+GTGFMVlhk3ULuV0y9ZmzeVGR4mloJI3M=
github.com/stretchr/testify v1.11.1 h1:7s2iGBzp5EwR7/aIZr8ao5+dra3wiQyKjjFuvgVKu7U=
github.com/stretchr/testify v1.11.1/go.mod h1:wZwfW3scLgRK+23gO65QZefKpKQRnfz6sD981Nm4B6U=
github.com/vektah/gqlparser/v2 v2.5.32 h1:k9QPJd4sEDTL+qB4ncPLflqTJ3MmjB9SrVzJrawpFSc=
github.com/vektah/gqlparser/v2 v2.5.32/go.mod h1:c1I28gSOVNzlfc4WuDlqU7voQnsqI6OG2amkBAFmgts=
github.com/vmihailenco/msgpack/v5 v5.4.1 h1:cQriyiUvjTwOHg8QZaPihLWeRAAVoCpE00IUPn0Bjt8=
github.com/vmihailenco/msgpack/v5 v5.4.1/go.mod h1:GaZTsDaehaPpQVyxrf5mtQlH+pc21PIudVV/E3rRQok=
github.com/vmihailenco/tagparser/v2 v2.0.0 h1:y09buUbR+b5aycVFQs/g70pqKVZNBmxwAhO7/IwNM9g=
github.com/vmihailenco/tagparser/v2 v2.0.0/go.mod h1:Wri+At7QHww0WTrCBeu4J6bNtoV6mEfg5OIWRZA9qds=
github.com/xo/terminfo v0.0.0-20220910002029-abceb7e1c41e h1:JVG44RsyaB9T2KIHavMF/ppJZNG9ZpyihvCd0w101no=
github.com/xo/terminfo v0.0.0-20220910002029-abceb7e1c41e/go.mod h1:RbqR21r5mrJuqunuUZ/Dhy/avygyECGrLceyNeo4LiM=
github.com/xyproto/randomstring v1.0.5 h1:YtlWPoRdgMu3NZtP45drfy1GKoojuR7hmRcnhZqKjWU=
github.com/xyproto/randomstring v1.0.5/go.mod h1:rgmS5DeNXLivK7YprL0pY+lTuhNQW3iGxZ18UQApw/E=
github.com/zishang520/socket.io/parsers/engine/v3 v3.0.0-rc.14 h1:4ew/vBq3Bu12Nau28QILsLK1tFuukzUfNhvF9kC1OZY=
github.com/zishang520/socket.io/parsers/engine/v3 v3.0.0-rc.14/go.mod h1:ekKOfG4nHW34E4WXDx2G1izkQsw93GEfJUd/RRxK4KE=
github.com/zishang520/socket.io/parsers/socket/v3 v3.0.0-rc.14 h1:p3qWdPO0DzqcOLOzNoqEb0/TJbOiV8s/fWP5Fl+ax88=
github.com/zishang520/socket.io/parsers/socket/v3 v3.0.0-rc.14/go.mod h1:HHKDdCC6XB8/6JMkg6yjeJHMjFSu0gB4ENn1HK9UfTs=
github.com/zishang520/socket.io/servers/engine/v3 v3.0.0-rc.14 h1:RUreJu8cekn83x5CvlPcErCaBunj9t0adZn9xQZ6NYw=
github.com/zishang520/socket.io/servers/engine/v3 v3.0.0-rc.14/go.mod h1:m0yC6DrWzMFZ1ebEgdy3hdlS/D8VdRgwgn+RB24VoEI=
github.com/zishang520/socket.io/servers/socket/v3 v3.0.0-rc.14 h1:i+jrzMyB9N3eTITXtqTrRu0PRrnqt2m0FB4fdcXZi3E=
github.com/zishang520/socket.io/servers/socket/v3 v3.0.0-rc.14/go.mod h1:s5YpQMRKAq8DII8z5kllk3Q5jQpM3/rd4Fo9gKHRbdE=
github.com/zishang520/socket.io/v3 v3.0.0-rc.14 h1:bUEt9an0VMmO2x655EglgfpeMSZ/YXQOAgTfrQT16NU=
github.com/zishang520/socket.io/v3 v3.0.0-rc.14/go.mod h1:JtG9Y2vzn9kqbXk119TZIn/tJq5DWsun/xB2MtRZlJo=
go.mau.fi/libsignal v0.2.1 h1:vRZG4EzTn70XY6Oh/pVKrQGuMHBkAWlGRC22/85m9L0=
go.mau.fi/libsignal v0.2.1/go.mod h1:iVvjrHyfQqWajOUaMEsIfo3IqgVMrhWcPiiEzk7NgoU=
go.mau.fi/util v0.9.7 h1:AWGNbJfz1zRcQOKeOEYhKUG2fT+/26Gy6kyqcH8tnBg=
go.mau.fi/util v0.9.7/go.mod h1:5T2f3ZWZFAGgmFwg3dGw7YK6kIsb9lryDzvynoR98pE=
go.mau.fi/whatsmeow v0.0.0-20260410162419-b95d92207080 h1:j7D8kKa7A1n9kUTmVqHfwHNtoSkgM7FsiSyko/Tye5o=
go.mau.fi/whatsmeow v0.0.0-20260410162419-b95d92207080/go.mod h1:mXCRFyPEPn4jqWz6Afirn8vY7DpHCPnlKq6I2cWwFHM=
go.opentelemetry.io/auto/sdk v1.1.0 h1:cH53jehLUN6UFLY71z+NDOiNJqDdPRaXzTel0sJySYA=
go.opentelemetry.io/auto/sdk v1.1.0/go.mod h1:3wSPjt5PWp2RhlCcmmOial7AvC4DQqZb7a7wCow3W8A=
go.opentelemetry.io/contrib/instrumentation/net/http/otelhttp v0.61.0 h1:F7Jx+6hwnZ41NSFTO5q4LYDtJRXBf2PD0rNBkeB/lus=
go.opentelemetry.io/contrib/instrumentation/net/http/otelhttp v0.61.0/go.mod h1:UHB22Z8QsdRDrnAtX4PntOl36ajSxcdUMt1sF7Y6E7Q=
go.opentelemetry.io/otel v1.37.0 h1:9zhNfelUvx0KBfu/gb+ZgeAfAgtWrfHJZcAqFC228wQ=
go.opentelemetry.io/otel v1.37.0/go.mod h1:ehE/umFRLnuLa/vSccNq9oS1ErUlkkK71gMcN34UG8I=
go.opentelemetry.io/otel/metric v1.37.0 h1:mvwbQS5m0tbmqML4NqK+e3aDiO02vsf/WgbsdpcPoZE=
go.opentelemetry.io/otel/metric v1.37.0/go.mod h1:04wGrZurHYKOc+RKeye86GwKiTb9FKm1WHtO+4EVr2E=
go.opentelemetry.io/otel/trace v1.37.0 h1:HLdcFNbRQBE2imdSEgm/kwqmQj1Or1l/7bW6mxVK7z4=
go.opentelemetry.io/otel/trace v1.37.0/go.mod h1:TlgrlQ+PtQO5XFerSPUYG0JSgGyryXewPGyayAWSBS0=
go.uber.org/mock v0.6.0 h1:hyF9dfmbgIX5EfOdasqLsWD6xqpNZlXblLB/Dbnwv3Y=
go.uber.org/mock v0.6.0/go.mod h1:KiVJ4BqZJaMj4svdfmHM0AUx4NJYO8ZNpPnZn1Z+BBU=
golang.org/x/crypto v0.50.0 h1:zO47/JPrL6vsNkINmLoo/PH1gcxpls50DNogFvB5ZGI=
golang.org/x/crypto v0.50.0/go.mod h1:3muZ7vA7PBCE6xgPX7nkzzjiUq87kRItoJQM1Yo8S+Q=
golang.org/x/exp v0.0.0-20260312153236-7ab1446f8b90 h1:jiDhWWeC7jfWqR9c/uplMOqJ0sbNlNWv0UkzE0vX1MA=
golang.org/x/exp v0.0.0-20260312153236-7ab1446f8b90/go.mod h1:xE1HEv6b+1SCZ5/uscMRjUBKtIxworgEcEi+/n9NQDQ=
golang.org/x/image v0.0.0-20191009234506-e7c1f5e7dbb8/go.mod h1:FeLwcggjj3mMvU+oOTbSwawSJRM1uh48EjtB4UJZlP0=
golang.org/x/image v0.39.0 h1:skVYidAEVKgn8lZ602XO75asgXBgLj9G/FE3RbuPFww=
golang.org/x/image v0.39.0/go.mod h1:sIbmppfU+xFLPIG0FoVUTvyBMmgng1/XAMhQ2ft0hpA=
golang.org/x/net v0.53.0 h1:d+qAbo5L0orcWAr0a9JweQpjXF19LMXJE8Ey7hwOdUA=
golang.org/x/net v0.53.0/go.mod h1:JvMuJH7rrdiCfbeHoo3fCQU24Lf5JJwT9W3sJFulfgs=
golang.org/x/sys v0.43.0 h1:Rlag2XtaFTxp19wS8MXlJwTvoh8ArU6ezoyFsMyCTNI=
golang.org/x/sys v0.43.0/go.mod h1:4GL1E5IUh+htKOUEOaiffhrAeqysfVGipDYzABqnCmw=
golang.org/x/text v0.3.0/go.mod h1:NqM8EUOU14njkJ3fqMW+pc6Ldnwhi/IjpwHt7yyuwOQ=
golang.org/x/text v0.36.0 h1:JfKh3XmcRPqZPKevfXVpI1wXPTqbkE5f7JA92a55Yxg=
golang.org/x/text v0.36.0/go.mod h1:NIdBknypM8iqVmPiuco0Dh6P5Jcdk8lJL0CUebqK164=
google.golang.org/protobuf v1.36.11 h1:fV6ZwhNocDyBLK0dj+fg8ektcVegBBuEolpbTQyBNVE=
google.golang.org/protobuf v1.36.11/go.mod h1:HTf+CrKn2C3g5S8VImy6tdcUvCska2kB7j23XfzDpco=
gopkg.in/yaml.v3 v3.0.1 h1:fxVm/GzAzEWqLHuvctI91KS9hhNmmWOoWu0XTYJS7CA=
gopkg.in/yaml.v3 v3.0.1/go.mod h1:K4uyk7z7BCEPqu6E+C64Yfv1cQ7kz7rIZviUmN+EgEM=
modernc.org/libc v1.37.6 h1:orZH3c5wmhIQFTXF+Nt+eeauyd+ZIt2BX6ARe+kD+aw=
modernc.org/libc v1.37.6/go.mod h1:YAXkAZ8ktnkCKaN9sw/UDeUVkGYJ/YquGO4FTi5nmHE=
modernc.org/mathutil v1.6.0 h1:fRe9+AmYlaej+64JsEEhoWuAYBkOtQiMEU7n/XgfYi4=
modernc.org/mathutil v1.6.0/go.mod h1:Ui5Q9q1TR2gFm0AQRqQUaBWFLAhQpCwNcuhBOSedWPo=
modernc.org/memory v1.7.2 h1:Klh90S215mmH8c9gO98QxQFsY+W451E8AnzjoE2ee1E=
modernc.org/memory v1.7.2/go.mod h1:NO4NVCQy0N7ln+T9ngWqOQfi7ley4vpwvARR+Hjw95E=
modernc.org/sqlite v1.28.0 h1:Zx+LyDDmXczNnEQdvPuEfcFVA2ZPyaD7UCZDjef3BHQ=
modernc.org/sqlite v1.28.0/go.mod h1:Qxpazz0zH8Z1xCFyi5GSL3FzbtZ3fvbjmywNogldEW0=
