filippo.io/edwards25519 v1.2.0 h1:crnVqOiS4jqYleHd9vaKZ+HKtHfllngJIiOpNpoJsjo=
filippo.io/edwards25519 v1.2.0/go.mod h1:xzAOLCNug/yB62zG1bQ8uziwrIqIuxhctzJT18Q77mc=
github.com/andybalholm/brotli v1.2.1 h1:R+f5xP285VArJDRgowrfb9DqL18yVK0gKAW/F+eTWro=
github.com/andybalholm/brotli v1.2.1/go.mod h1:rzTDkvFWvIrjDXZHkuS16NPggd91W3kUSvPlQ1pLaKY=
github.com/beeper/argo-go v1.1.2 h1:UQI2G8F+NLfGTOmTUI0254pGKx/HUU/etbUGTJv91Fs=
github.com/beeper/argo-go v1.1.2/go.mod h1:M+LJAnyowKVQ6Rdj6XYGEn+qcVFkb3R/MUpqkGR0hM4=
github.com/coder/websocket v1.8.14 h1:9L0p0iKiNOibykf283eHkKUHHrpG7f65OE3BhhO7v9g=
github.com/coder/websocket v1.8.14/go.mod h1:NX3SzP+inril6yawo5CQXx8+fk145lPDC6pumgx0mVg=
github.com/dunglas/httpsfv v1.1.0 h1:Jw76nAyKWKZKFrpMMcL76y35tOpYHqQPzHQiwDvpe54=
github.com/dunglas/httpsfv v1.1.0/go.mod h1:zID2mqw9mFsnt7YC3vYQ9/cjq30q41W+1AnDwH8TiMg=
github.com/elliotchance/orderedmap/v3 v3.1.0 h1:j4DJ5ObEmMBt/lcwIecKcoRxIQUEnw0L804lXYDt/pg=
github.com/elliotchance/orderedmap/v3 v3.1.0/go.mod h1:G+Hc2RwaZvJMcS4JpGCOyViCnGeKf0bTYCGTO4uhjSo=
github.com/google/uuid v1.6.0 h1:NIvaJDMOsjHA8n1jAhLSgzrAzy1Hgr+hNrb57e+94F0=
github.com/google/uuid v1.6.0/go.mod h1:TIyPZe4MgqvfeYDBFedMoGGpEw/LqOeaOT+nhxU+yHo=
github.com/gookit/color v1.6.0 h1:JjJXBTk1ETNyqyilJhkTXJYYigHG24TM9Xa2M1xAhRA=
github.com/gookit/color v1.6.0/go.mod h1:9ACFc7/1IpHGBW8RwuDm/0YEnhg3dwwXpoMsmtyHfjs=
github.com/gorilla/mux v1.8.1 h1:TuBL49tXwgrFYWhqrNgrUNEY92u81SPhu7sTdzQEiWY=
github.com/gorilla/mux v1.8.1/go.mod h1:AKf9I4AEqPTmMytcMc0KkNouC66V3BtZ4qD5fmWSiMQ=
github.com/gorilla/websocket v1.5.3 h1:saDtZ6Pbx/0u+bgYQ3q96pZgCzfhKXGPqt7kZ72aNNg=
github.com/gorilla/websocket v1.5.3/go.mod h1:YR8l580nyteQvAITg2hZ9XVh4b55+EU/adAjf1fMHhE=
github.com/joho/godotenv v1.5.1 h1:7eLL/+HRGLY0ldzfGMeQkb7vMd0as4CfYvUVzLqw0N0=
github.com/joho/godotenv v1.5.1/go.mod h1:f4LDr5Voq0i2e/R5DDNOoa2zzDfwtkZa6DnEwAbqwq4=
github.com/klauspost/compress v1.18.5 h1:/h1gH5Ce+VWNLSWqPzOVn6XBO+vJbCNGvjoaGBFW2IE=
github.com/klauspost/compress v1.18.5/go.mod h1:cwPg85FWrGar70rWktvGQj8/hthj3wpl0PGDogxkrSQ=
github.com/mattn/go-colorable v0.1.14 h1:9A9LHSqF/7dyVVX6g0U9cwm9pG3kP9gSzcuIPHPsaIE=
github.com/mattn/go-colorable v0.1.14/go.mod h1:6LmQG8QLFO4G5z1gPvYEzlUgJ2wF+stgPZH1UqBm1s8=
github.com/mattn/go-isatty v0.0.21 h1:xYae+lCNBP7QuW4PUnNG61ffM4hVIfm+zUzDuSzYLGs=
github.com/mattn/go-isatty v0.0.21/go.mod h1:ZXfXG4SQHsB/w3ZeOYbR0PrPwLy+n6xiMrJlRFqopa4=
github.com/petermattis/goid v0.0.0-20260226131333-17d1149c6ac6 h1:rh2lKw/P/EqHa724vYH2+VVQ1YnW4u6EOXl0PMAovZE=
github.com/petermattis/goid v0.0.0-20260226131333-17d1149c6ac6/go.mod h1:pxMtw7cyUw6B2bRH0ZBANSPg+AoSud1I1iyJHI69jH4=
github.com/pkg/errors v0.9.1/go.mod h1:bwawxfHBFNV+L2hUp1rHADufV3IMtnDRdf1r5NINEl0=
github.com/quic-go/qpack v0.6.0 h1:g7W+BMYynC1LbYLSqRt8PBg5Tgwxn214ZZR34VIOjz8=
github.com/quic-go/qpack v0.6.0/go.mod h1:lUpLKChi8njB4ty2bFLX2x4gzDqXwUpaO1DP9qMDZII=
github.com/quic-go/quic-go v0.59.0 h1:OLJkp1Mlm/aS7dpKgTc6cnpynnD2Xg7C1pwL6vy/SAw=
github.com/quic-go/quic-go v0.59.0/go.mod h1:upnsH4Ju1YkqpLXC305eW3yDZ4NfnNbmQRCMWS58IKU=
github.com/quic-go/webtransport-go v0.10.0 h1:LqXXPOXuETY5Xe8ITdGisBzTYmUOy5eSj+9n4hLTjHI=
github.com/quic-go/webtransport-go v0.10.0/go.mod h1:LeGIXr5BQKE3UsynwVBeQrU1TPrbh73MGoC6jd+V7ow=
github.com/rs/xid v1.6.0/go.mod h1:7XoLgs4eV+QndskICGsho+ADou8ySMSjJKDIan90Nz0=
github.com/rs/zerolog v1.35.0 h1:VD0ykx7HMiMJytqINBsKcbLS+BJ4WYjz+05us+LRTdI=
github.com/rs/zerolog v1.35.0/go.mod h1:EjML9kdfa/RMA7h/6z6pYmq1ykOuA8/mjWaEvGI+jcw=
github.com/vektah/gqlparser/v2 v2.5.32 h1:k9QPJd4sEDTL+qB4ncPLflqTJ3MmjB9SrVzJrawpFSc=
github.com/vektah/gqlparser/v2 v2.5.32/go.mod h1:c1I28gSOVNzlfc4WuDlqU7voQnsqI6OG2amkBAFmgts=
github.com/vmihailenco/msgpack/v5 v5.4.1 h1:cQriyiUvjTwOHg8QZaPihLWeRAAVoCpE00IUPn0Bjt8=
github.com/vmihailenco/msgpack/v5 v5.4.1/go.mod h1:GaZTsDaehaPpQVyxrf5mtQlH+pc21PIudVV/E3rRQok=
github.com/vmihailenco/tagparser/v2 v2.0.0 h1:y09buUbR+b5aycVFQs/g70pqKVZNBmxwAhO7/IwNM9g=
github.com/vmihailenco/tagparser/v2 v2.0.0/go.mod h1:Wri+At7QHww0WTrCBeu4J6bNtoV6mEfg5OIWRZA9qds=
github.com/xo/terminfo v0.0.0-20220910002029-abceb7e1c41e h1:JVG44RsyaB9T2KIHavMF/ppJZNG9ZpyihvCd0w101no=
github.com/xo/terminfo v0.0.0-20220910002029-abceb7e1c41e/go.mod h1:RbqR21r5mrJuqunuUZ/Dhy/avygyECGrLceyNeo4LiM=
github.com/zishang520/socket.io/parsers/engine/v3 v3.0.0-rc.14 h1:4ew/vBq3Bu12Nau28QILsLK1tFuukzUfNhvF9kC1OZY=
github.com/zishang520/socket.io/parsers/engine/v3 v3.0.0-rc.14/go.mod h1:ekKOfG4nHW34E4WXDx2G1izkQsw93GEfJUd/RRxK4KE=
github.com/zishang520/socket.io/parsers/socket/v3 v3.0.0-rc.14 h1:p3qWdPO0DzqcOLOzNoqEb0/TJbOiV8s/fWP5Fl+ax88=
github.com/zishang520/socket.io/parsers/socket/v3 v3.0.0-rc.14/go.mod h1:HHKDdCC6XB8/6JMkg6yjeJHMjFSu0gB4ENn1HK9UfTs=
github.com/zishang520/socket.io/servers/engine/v3 v3.0.0-rc.14 h1:RUreJu8cekn83x5CvlPcErCaBunj9t0adZn9xQZ6NYw=
github.com/zishang520/socket.io/servers/engine/v3 v3.0.0-rc.14/go.mod h1:m0yC6DrWzMFZ1ebEgdy3hdlS/D8VdRgwgn+RB24VoEI=
github.com/zishang520/socket.io/servers/socket/v3 v3.0.0-rc.14 h1:i+jrzMyB9N3eTITXtqTrRu0PRrnqt2m0FB4fdcXZi3E=
github.com/zishang520/socket.io/servers/socket/v3 v3.0.0-rc.14/go.mod h1:s5YpQMRKAq8DII8z5kllk3Q5jQpM3/rd4Fo9gKHRbdE=
github.com/zishang520/socket.io/v3 v3.0.0-rc.14 h1:bUEt9an0VMmO2x655EglgfpeMSZ/YXQOAgTfrQT16NU=
github.com/zishang520/socket.io/v3 v3.0.0-rc.14/go.mod h1:JtG9Y2vzn9kqbXk119TZIn/tJq5DWsun/xB2MtRZlJo=
go.mau.fi/libsignal v0.2.1 h1:vRZG4EzTn70XY6Oh/pVKrQGuMHBkAWlGRC22/85m9L0=
go.mau.fi/libsignal v0.2.1/go.mod h1:iVvjrHyfQqWajOUaMEsIfo3IqgVMrhWcPiiEzk7NgoU=
go.mau.fi/util v0.9.7 h1:AWGNbJfz1zRcQOKeOEYhKUG2fT+/26Gy6kyqcH8tnBg=
go.mau.fi/util v0.9.7/go.mod h1:5T2f3ZWZFAGgmFwg3dGw7YK6kIsb9lryDzvynoR98pE=
go.mau.fi/whatsmeow v0.0.0-20260410162419-b95d92207080 h1:j7D8kKa7A1n9kUTmVqHfwHNtoSkgM7FsiSyko/Tye5o=
go.mau.fi/whatsmeow v0.0.0-20260410162419-b95d92207080/go.mod h1:mXCRFyPEPn4jqWz6Afirn8vY7DpHCPnlKq6I2cWwFHM=
golang.org/x/crypto v0.49.0 h1:+Ng2ULVvLHnJ/ZFEq4KdcDd/cfjrrjjNSXNzxg0Y4U4=
golang.org/x/crypto v0.49.0/go.mod h1:ErX4dUh2UM+CFYiXZRTcMpEcN8b/1gxEuv3nODoYtCA=
golang.org/x/crypto v0.50.0 h1:zO47/JPrL6vsNkINmLoo/PH1gcxpls50DNogFvB5ZGI=
golang.org/x/crypto v0.50.0/go.mod h1:3muZ7vA7PBCE6xgPX7nkzzjiUq87kRItoJQM1Yo8S+Q=
golang.org/x/exp v0.0.0-20260312153236-7ab1446f8b90 h1:jiDhWWeC7jfWqR9c/uplMOqJ0sbNlNWv0UkzE0vX1MA=
golang.org/x/exp v0.0.0-20260312153236-7ab1446f8b90/go.mod h1:xE1HEv6b+1SCZ5/uscMRjUBKtIxworgEcEi+/n9NQDQ=
golang.org/x/net v0.52.0 h1:He/TN1l0e4mmR3QqHMT2Xab3Aj3L9qjbhRm78/6jrW0=
golang.org/x/net v0.52.0/go.mod h1:R1MAz7uMZxVMualyPXb+VaqGSa3LIaUqk0eEt3w36Sw=
golang.org/x/net v0.53.0 h1:d+qAbo5L0orcWAr0a9JweQpjXF19LMXJE8Ey7hwOdUA=
golang.org/x/net v0.53.0/go.mod h1:JvMuJH7rrdiCfbeHoo3fCQU24Lf5JJwT9W3sJFulfgs=
golang.org/x/sys v0.42.0 h1:omrd2nAlyT5ESRdCLYdm3+fMfNFE/+Rf4bDIQImRJeo=
golang.org/x/sys v0.42.0/go.mod h1:4GL1E5IUh+htKOUEOaiffhrAeqysfVGipDYzABqnCmw=
golang.org/x/sys v0.43.0 h1:Rlag2XtaFTxp19wS8MXlJwTvoh8ArU6ezoyFsMyCTNI=
golang.org/x/sys v0.43.0/go.mod h1:4GL1E5IUh+htKOUEOaiffhrAeqysfVGipDYzABqnCmw=
golang.org/x/text v0.35.0 h1:JOVx6vVDFokkpaq1AEptVzLTpDe9KGpj5tR4/X+ybL8=
golang.org/x/text v0.35.0/go.mod h1:khi/HExzZJ2pGnjenulevKNX1W67CUy0AsXcNubPGCA=
golang.org/x/text v0.36.0 h1:JfKh3XmcRPqZPKevfXVpI1wXPTqbkE5f7JA92a55Yxg=
golang.org/x/text v0.36.0/go.mod h1:NIdBknypM8iqVmPiuco0Dh6P5Jcdk8lJL0CUebqK164=
google.golang.org/protobuf v1.36.11 h1:fV6ZwhNocDyBLK0dj+fg8ektcVegBBuEolpbTQyBNVE=
google.golang.org/protobuf v1.36.11/go.mod h1:HTf+CrKn2C3g5S8VImy6tdcUvCska2kB7j23XfzDpco=
